
Microsoft Visual Studio Solution File, Format Version 12.00
# Visual Studio 15
VisualStudioVersion = 15.0.28010.0
MinimumVisualStudioVersion = 10.0.40219.1
Project("{9A19103F-16F7-4668-BE54-9A1E7A4F7556}") = "KafkaConsumer", "KafkaConsumer\KafkaConsumer.csproj", "{571549D1-941B-41BC-B81E-6B9FD5B577DB}"
EndProject
Project("{9A19103F-16F7-4668-BE54-9A1E7A4F7556}") = "KafkaData", "..\DotNetCoreWebKafkaDemo\KafkaData\KafkaData.csproj", "{7ACC20F1-6FD2-424D-91ED-9DC2D1D5B408}"
EndProject
Global
	GlobalSection(SolutionConfigurationPlatforms) = preSolution
		Debug|Any CPU = Debug|Any CPU
		Release|Any CPU = Release|Any CPU
	EndGlobalSection
	GlobalSection(ProjectConfigurationPlatforms) = postSolution
		{571549D1-941B-41BC-B81E-6B9FD5B577DB}.Debug|Any CPU.ActiveCfg = Debug|Any CPU
		{571549D1-941B-41BC-B81E-6B9FD5B577DB}.Debug|Any CPU.Build.0 = Debug|Any CPU
		{571549D1-941B-41BC-B81E-6B9FD5B577DB}.Release|Any CPU.ActiveCfg = Release|Any CPU
		{571549D1-941B-41BC-B81E-6B9FD5B577DB}.Release|Any CPU.Build.0 = Release|Any CPU
		{7ACC20F1-6FD2-424D-91ED-9DC2D1D5B408}.Debug|Any CPU.ActiveCfg = Debug|Any CPU
		{7ACC20F1-6FD2-424D-91ED-9DC2D1D5B408}.Debug|Any CPU.Build.0 = Debug|Any CPU
		{7ACC20F1-6FD2-424D-91ED-9DC2D1D5B408}.Release|Any CPU.ActiveCfg = Release|Any CPU
		{7ACC20F1-6FD2-424D-91ED-9DC2D1D5B408}.Release|Any CPU.Build.0 = Release|Any CPU
	EndGlobalSection
	GlobalSection(SolutionProperties) = preSolution
		HideSolutionNode = FALSE
	EndGlobalSection
	GlobalSection(ExtensibilityGlobals) = postSolution
		SolutionGuid = {BC994D5A-2CD9-450C-9F9B-769B69614B4C}
	EndGlobalSection
EndGlobal
