
Microsoft Visual Studio Solution File, Format Version 12.00
# Visual Studio 15
VisualStudioVersion = 15.0.28010.0
MinimumVisualStudioVersion = 10.0.40219.1
Project("{9A19103F-16F7-4668-BE54-9A1E7A4F7556}") = "DotNetCoreWebKafkaDemo", "DotNetCoreWebKafkaDemo\DotNetCoreWebKafkaDemo.csproj", "{00DD8FA9-24EF-4CB2-83ED-1F4DECC02F6F}"
EndProject
Project("{9A19103F-16F7-4668-BE54-9A1E7A4F7556}") = "KafkaData", "KafkaData\KafkaData.csproj", "{734552F3-97FE-4D7D-90A7-95BCB5E3BDD0}"
EndProject
Project("{9A19103F-16F7-4668-BE54-9A1E7A4F7556}") = "DotNetCoreWebKafkaDemoReact", "DotNetCoreWebKafkaDemoReact\DotNetCoreWebKafkaDemoReact.csproj", "{F934A6C6-E7E4-44AD-A150-AEC17499AE96}"
EndProject
Global
	GlobalSection(SolutionConfigurationPlatforms) = preSolution
		Debug|Any CPU = Debug|Any CPU
		Release|Any CPU = Release|Any CPU
	EndGlobalSection
	GlobalSection(ProjectConfigurationPlatforms) = postSolution
		{00DD8FA9-24EF-4CB2-83ED-1F4DECC02F6F}.Debug|Any CPU.ActiveCfg = Debug|Any CPU
		{00DD8FA9-24EF-4CB2-83ED-1F4DECC02F6F}.Debug|Any CPU.Build.0 = Debug|Any CPU
		{00DD8FA9-24EF-4CB2-83ED-1F4DECC02F6F}.Release|Any CPU.ActiveCfg = Release|Any CPU
		{00DD8FA9-24EF-4CB2-83ED-1F4DECC02F6F}.Release|Any CPU.Build.0 = Release|Any CPU
		{734552F3-97FE-4D7D-90A7-95BCB5E3BDD0}.Debug|Any CPU.ActiveCfg = Debug|Any CPU
		{734552F3-97FE-4D7D-90A7-95BCB5E3BDD0}.Debug|Any CPU.Build.0 = Debug|Any CPU
		{734552F3-97FE-4D7D-90A7-95BCB5E3BDD0}.Release|Any CPU.ActiveCfg = Release|Any CPU
		{734552F3-97FE-4D7D-90A7-95BCB5E3BDD0}.Release|Any CPU.Build.0 = Release|Any CPU
		{F934A6C6-E7E4-44AD-A150-AEC17499AE96}.Debug|Any CPU.ActiveCfg = Debug|Any CPU
		{F934A6C6-E7E4-44AD-A150-AEC17499AE96}.Debug|Any CPU.Build.0 = Debug|Any CPU
		{F934A6C6-E7E4-44AD-A150-AEC17499AE96}.Release|Any CPU.ActiveCfg = Release|Any CPU
		{F934A6C6-E7E4-44AD-A150-AEC17499AE96}.Release|Any CPU.Build.0 = Release|Any CPU
	EndGlobalSection
	GlobalSection(SolutionProperties) = preSolution
		HideSolutionNode = FALSE
	EndGlobalSection
	GlobalSection(ExtensibilityGlobals) = postSolution
		SolutionGuid = {97BE4A0A-5A64-4E0A-A591-A26441CA26C6}
	EndGlobalSection
EndGlobal
